
Microsoft Visual Studio Solution File, Format Version 12.00
# Visual Studio Version 17
VisualStudioVersion = 17.9.34616.47
MinimumVisualStudioVersion = 10.0.40219.1
Project("{FAE04EC0-301F-11D3-BF4B-00C04F79EFBC}") = "HOOKQQ", "HOOKQQ\HOOKQQ.csproj", "{014D0E43-AB89-4F4D-8167-D1F272E75BA4}"
EndProject
Global
	GlobalSection(SolutionConfigurationPlatforms) = preSolution
		Debug|Any CPU = Debug|Any CPU
		Release|Any CPU = Release|Any CPU
	EndGlobalSection
	GlobalSection(ProjectConfigurationPlatforms) = postSolution
		{014D0E43-AB89-4F4D-8167-D1F272E75BA4}.Debug|Any CPU.ActiveCfg = Debug|Any CPU
		{014D0E43-AB89-4F4D-8167-D1F272E75BA4}.Debug|Any CPU.Build.0 = Debug|Any CPU
		{014D0E43-AB89-4F4D-8167-D1F272E75BA4}.Release|Any CPU.ActiveCfg = Release|Any CPU
		{014D0E43-AB89-4F4D-8167-D1F272E75BA4}.Release|Any CPU.Build.0 = Release|Any CPU
	EndGlobalSection
	GlobalSection(SolutionProperties) = preSolution
		HideSolutionNode = FALSE
	EndGlobalSection
	GlobalSection(ExtensibilityGlobals) = postSolution
		SolutionGuid = {C7B49267-F71A-4E08-BAE4-15154F03D120}
	EndGlobalSection
EndGlobal
